{
  "name": "sanity-plugin-asset-source-getty",
  "version": "1.0.0",
  "lockfileVersion": 2,
  "requires": true,
  "packages": {
    "": {
      "name": "sanity-plugin-asset-source-getty",
      "version": "1.0.0",
      "dependencies": {
        "gettyimages-api": "^5.1.0"
      }
    },
    "node_modules/gettyimages-api": {
      "version": "5.1.0",
      "resolved": "https://registry.npmjs.org/gettyimages-api/-/gettyimages-api-5.1.0.tgz",
      "integrity": "sha512-gu8CN+6zOs4AKUT0bC5YecZzfhj5rDeM/ECrS3bafkMPujlar1maIY0YGT38qOQwI6x+WL0Ky6USWR44dt9C7Q==",
      "engines": {
        "node": ">=10.19.0"
      }
    }
  },
  "dependencies": {
    "gettyimages-api": {
      "version": "5.1.0",
      "resolved": "https://registry.npmjs.org/gettyimages-api/-/gettyimages-api-5.1.0.tgz",
      "integrity": "sha512-gu8CN+6zOs4AKUT0bC5YecZzfhj5rDeM/ECrS3bafkMPujlar1maIY0YGT38qOQwI6x+WL0Ky6USWR44dt9C7Q=="
    }
  }
}
